// !$*UTF8*$!
{
	archiveVersion = 1;
	classes = {
	};
	objectVersion = 56;
	objects = {

/* Begin PBXBuildFile section */
		431749E52B6BB101002B2AC9 /* FirebaseAuth in Frameworks */ = {isa = PBXBuildFile; productRef = 431749E42B6BB101002B2AC9 /* FirebaseAuth */; };
		431749E72B6BB6C2002B2AC9 /* GoogleService-Info.plist in Resources */ = {isa = PBXBuildFile; fileRef = 431749E62B6BB6C2002B2AC9 /* GoogleService-Info.plist */; };
		436F5E7D2B6ED91C006D370A /* GoogleSignIn in Frameworks */ = {isa = PBXBuildFile; productRef = 436F5E7C2B6ED91C006D370A /* GoogleSignIn */; };
		436F5E7F2B6ED91C006D370A /* GoogleSignInSwift in Frameworks */ = {isa = PBXBuildFile; productRef = 436F5E7E2B6ED91C006D370A /* GoogleSignInSwift */; };
		436F5E842B6EE1A8006D370A /* FirebaseAnalytics in Frameworks */ = {isa = PBXBuildFile; productRef = 436F5E832B6EE1A8006D370A /* FirebaseAnalytics */; };
		436F5E862B6EE1BB006D370A /* FirebaseAnalyticsSwift in Frameworks */ = {isa = PBXBuildFile; productRef = 436F5E852B6EE1BB006D370A /* FirebaseAnalyticsSwift */; };
		438CC9F52B624D660065A1E1 /* denek.swift in Sources */ = {isa = PBXBuildFile; fileRef = 438CC9F42B624D660065A1E1 /* denek.swift */; };
		43A616AA2B604BEE0067309C /* girisMasterApp.swift in Sources */ = {isa = PBXBuildFile; fileRef = 43A616A92B604BEE0067309C /* girisMasterApp.swift */; };
		43A616AC2B604BEE0067309C /* ContentView.swift in Sources */ = {isa = PBXBuildFile; fileRef = 43A616AB2B604BEE0067309C /* ContentView.swift */; };
		43A616AE2B604BF20067309C /* Assets.xcassets in Resources */ = {isa = PBXBuildFile; fileRef = 43A616AD2B604BF20067309C /* Assets.xcassets */; };
		43A616B12B604BF20067309C /* Preview Assets.xcassets in Resources */ = {isa = PBXBuildFile; fileRef = 43A616B02B604BF20067309C /* Preview Assets.xcassets */; };
		43A616B82B6055CC0067309C /* KayitOl.swift in Sources */ = {isa = PBXBuildFile; fileRef = 43A616B72B6055CC0067309C /* KayitOl.swift */; };
		43A616BA2B605A630067309C /* GirisYap.swift in Sources */ = {isa = PBXBuildFile; fileRef = 43A616B92B605A630067309C /* GirisYap.swift */; };
		43A616BC2B605C030067309C /* Profil.swift in Sources */ = {isa = PBXBuildFile; fileRef = 43A616BB2B605C030067309C /* Profil.swift */; };
		43C90C072B6D865A00991142 /* Sosyal.swift in Sources */ = {isa = PBXBuildFile; fileRef = 43C90C062B6D865A00991142 /* Sosyal.swift */; };
		43C90C0D2B6D9E6A00991142 /* LoginViewModel.swift in Sources */ = {isa = PBXBuildFile; fileRef = 43C90C0C2B6D9E6A00991142 /* LoginViewModel.swift */; };
/* End PBXBuildFile section */

/* Begin PBXFileReference section */
		431749E62B6BB6C2002B2AC9 /* GoogleService-Info.plist */ = {isa = PBXFileReference; fileEncoding = 4; lastKnownFileType = text.plist.xml; path = "GoogleService-Info.plist"; sourceTree = "<group>"; };
		436F5E802B6EDB26006D370A /* Info.plist */ = {isa = PBXFileReference; lastKnownFileType = text.plist; path = Info.plist; sourceTree = "<group>"; };
		438CC9F42B624D660065A1E1 /* denek.swift */ = {isa = PBXFileReference; lastKnownFileType = sourcecode.swift; path = denek.swift; sourceTree = "<group>"; };
		43A616A62B604BEE0067309C /* girisMaster.app */ = {isa = PBXFileReference; explicitFileType = wrapper.application; includeInIndex = 0; path = girisMaster.app; sourceTree = BUILT_PRODUCTS_DIR; };
		43A616A92B604BEE0067309C /* girisMasterApp.swift */ = {isa = PBXFileReference; lastKnownFileType = sourcecode.swift; path = girisMasterApp.swift; sourceTree = "<group>"; };
		43A616AB2B604BEE0067309C /* ContentView.swift */ = {isa = PBXFileReference; lastKnownFileType = sourcecode.swift; path = ContentView.swift; sourceTree = "<group>"; };
		43A616AD2B604BF20067309C /* Assets.xcassets */ = {isa = PBXFileReference; lastKnownFileType = folder.assetcatalog; path = Assets.xcassets; sourceTree = "<group>"; };
		43A616B02B604BF20067309C /* Preview Assets.xcassets */ = {isa = PBXFileReference; lastKnownFileType = folder.assetcatalog; path = "Preview Assets.xcassets"; sourceTree = "<group>"; };
		43A616B72B6055CC0067309C /* KayitOl.swift */ = {isa = PBXFileReference; lastKnownFileType = sourcecode.swift; path = KayitOl.swift; sourceTree = "<group>"; };
		43A616B92B605A630067309C /* GirisYap.swift */ = {isa = PBXFileReference; lastKnownFileType = sourcecode.swift; path = GirisYap.swift; sourceTree = "<group>"; };
		43A616BB2B605C030067309C /* Profil.swift */ = {isa = PBXFileReference; lastKnownFileType = sourcecode.swift; path = Profil.swift; sourceTree = "<group>"; };
		43C90C062B6D865A00991142 /* Sosyal.swift */ = {isa = PBXFileReference; lastKnownFileType = sourcecode.swift; path = Sosyal.swift; sourceTree = "<group>"; };
		43C90C0B2B6D987A00991142 /* girisMaster.entitlements */ = {isa = PBXFileReference; lastKnownFileType = text.plist.entitlements; path = girisMaster.entitlements; sourceTree = "<group>"; };
		43C90C0C2B6D9E6A00991142 /* LoginViewModel.swift */ = {isa = PBXFileReference; lastKnownFileType = sourcecode.swift; path = LoginViewModel.swift; sourceTree = "<group>"; };
/* End PBXFileReference section */

/* Begin PBXFrameworksBuildPhase section */
		43A616A32B604BEE0067309C /* Frameworks */ = {
			isa = PBXFrameworksBuildPhase;
			buildActionMask = 2147483647;
			files = (
				436F5E7F2B6ED91C006D370A /* GoogleSignInSwift in Frameworks */,
				431749E52B6BB101002B2AC9 /* FirebaseAuth in Frameworks */,
				436F5E842B6EE1A8006D370A /* FirebaseAnalytics in Frameworks */,
				436F5E7D2B6ED91C006D370A /* GoogleSignIn in Frameworks */,
				436F5E862B6EE1BB006D370A /* FirebaseAnalyticsSwift in Frameworks */,
			);
			runOnlyForDeploymentPostprocessing = 0;
		};
/* End PBXFrameworksBuildPhase section */

/* Begin PBXGroup section */
		431749E32B6BB101002B2AC9 /* Frameworks */ = {
			isa = PBXGroup;
			children = (
			);
			name = Frameworks;
			sourceTree = "<group>";
		};
		43A6169D2B604BEE0067309C = {
			isa = PBXGroup;
			children = (
				43A616A82B604BEE0067309C /* girisMaster */,
				43A616A72B604BEE0067309C /* Products */,
				431749E32B6BB101002B2AC9 /* Frameworks */,
			);
			sourceTree = "<group>";
		};
		43A616A72B604BEE0067309C /* Products */ = {
			isa = PBXGroup;
			children = (
				43A616A62B604BEE0067309C /* girisMaster.app */,
			);
			name = Products;
			sourceTree = "<group>";
		};
		43A616A82B604BEE0067309C /* girisMaster */ = {
			isa = PBXGroup;
			children = (
				436F5E802B6EDB26006D370A /* Info.plist */,
				43C90C0B2B6D987A00991142 /* girisMaster.entitlements */,
				43A616A92B604BEE0067309C /* girisMasterApp.swift */,
				43A616AB2B604BEE0067309C /* ContentView.swift */,
				43A616BB2B605C030067309C /* Profil.swift */,
				438CC9F42B624D660065A1E1 /* denek.swift */,
				43C90C082B6D8B3700991142 /* Giris */,
				43A616AD2B604BF20067309C /* Assets.xcassets */,
				431749E62B6BB6C2002B2AC9 /* GoogleService-Info.plist */,
				43A616AF2B604BF20067309C /* Preview Content */,
			);
			path = girisMaster;
			sourceTree = "<group>";
		};
		43A616AF2B604BF20067309C /* Preview Content */ = {
			isa = PBXGroup;
			children = (
				43A616B02B604BF20067309C /* Preview Assets.xcassets */,
			);
			path = "Preview Content";
			sourceTree = "<group>";
		};
		43C90C082B6D8B3700991142 /* Giris */ = {
			isa = PBXGroup;
			children = (
				43C90C062B6D865A00991142 /* Sosyal.swift */,
				43A616B72B6055CC0067309C /* KayitOl.swift */,
				43A616B92B605A630067309C /* GirisYap.swift */,
				43C90C0C2B6D9E6A00991142 /* LoginViewModel.swift */,
			);
			path = Giris;
			sourceTree = "<group>";
		};
/* End PBXGroup section */

/* Begin PBXNativeTarget section */
		43A616A52B604BEE0067309C /* girisMaster */ = {
			isa = PBXNativeTarget;
			buildConfigurationList = 43A616B42B604BF20067309C /* Build configuration list for PBXNativeTarget "girisMaster" */;
			buildPhases = (
				43A616A22B604BEE0067309C /* Sources */,
				43A616A32B604BEE0067309C /* Frameworks */,
				43A616A42B604BEE0067309C /* Resources */,
			);
			buildRules = (
			);
			dependencies = (
			);
			name = girisMaster;
			packageProductDependencies = (
				431749E42B6BB101002B2AC9 /* FirebaseAuth */,
				436F5E7C2B6ED91C006D370A /* GoogleSignIn */,
				436F5E7E2B6ED91C006D370A /* GoogleSignInSwift */,
				436F5E832B6EE1A8006D370A /* FirebaseAnalytics */,
				436F5E852B6EE1BB006D370A /* FirebaseAnalyticsSwift */,
			);
			productName = girisMaster;
			productReference = 43A616A62B604BEE0067309C /* girisMaster.app */;
			productType = "com.apple.product-type.application";
		};
/* End PBXNativeTarget section */

/* Begin PBXProject section */
		43A6169E2B604BEE0067309C /* Project object */ = {
			isa = PBXProject;
			attributes = {
				BuildIndependentTargetsInParallel = 1;
				LastSwiftUpdateCheck = 1520;
				LastUpgradeCheck = 1520;
				TargetAttributes = {
					43A616A52B604BEE0067309C = {
						CreatedOnToolsVersion = 15.2;
					};
				};
			};
			buildConfigurationList = 43A616A12B604BEE0067309C /* Build configuration list for PBXProject "girisMaster" */;
			compatibilityVersion = "Xcode 14.0";
			developmentRegion = en;
			hasScannedForEncodings = 0;
			knownRegions = (
				en,
				Base,
			);
			mainGroup = 43A6169D2B604BEE0067309C;
			packageReferences = (
				431749E22B6BAEFD002B2AC9 /* XCRemoteSwiftPackageReference "firebase-ios-sdk" */,
				436F5E7B2B6ED91C006D370A /* XCRemoteSwiftPackageReference "GoogleSignIn-iOS" */,
			);
			productRefGroup = 43A616A72B604BEE0067309C /* Products */;
			projectDirPath = "";
			projectRoot = "";
			targets = (
				43A616A52B604BEE0067309C /* girisMaster */,
			);
		};
/* End PBXProject section */

/* Begin PBXResourcesBuildPhase section */
		43A616A42B604BEE0067309C /* Resources */ = {
			isa = PBXResourcesBuildPhase;
			buildActionMask = 2147483647;
			files = (
				43A616B12B604BF20067309C /* Preview Assets.xcassets in Resources */,
				43A616AE2B604BF20067309C /* Assets.xcassets in Resources */,
				431749E72B6BB6C2002B2AC9 /* GoogleService-Info.plist in Resources */,
			);
			runOnlyForDeploymentPostprocessing = 0;
		};
/* End PBXResourcesBuildPhase section */

/* Begin PBXSourcesBuildPhase section */
		43A616A22B604BEE0067309C /* Sources */ = {
			isa = PBXSourcesBuildPhase;
			buildActionMask = 2147483647;
			files = (
				43A616AC2B604BEE0067309C /* ContentView.swift in Sources */,
				438CC9F52B624D660065A1E1 /* denek.swift in Sources */,
				43A616BA2B605A630067309C /* GirisYap.swift in Sources */,
				43A616AA2B604BEE0067309C /* girisMasterApp.swift in Sources */,
				43C90C0D2B6D9E6A00991142 /* LoginViewModel.swift in Sources */,
				43A616BC2B605C030067309C /* Profil.swift in Sources */,
				43C90C072B6D865A00991142 /* Sosyal.swift in Sources */,
				43A616B82B6055CC0067309C /* KayitOl.swift in Sources */,
			);
			runOnlyForDeploymentPostprocessing = 0;
		};
/* End PBXSourcesBuildPhase section */

/* Begin XCBuildConfiguration section */
		43A616B22B604BF20067309C /* Debug */ = {
			isa = XCBuildConfiguration;
			buildSettings = {
				ALWAYS_SEARCH_USER_PATHS = NO;
				ASSETCATALOG_COMPILER_GENERATE_SWIFT_ASSET_SYMBOL_EXTENSIONS = YES;
				CLANG_ANALYZER_NONNULL = YES;
				CLANG_ANALYZER_NUMBER_OBJECT_CONVERSION = YES_AGGRESSIVE;
				CLANG_CXX_LANGUAGE_STANDARD = "gnu++20";
				CLANG_ENABLE_MODULES = YES;
				CLANG_ENABLE_OBJC_ARC = YES;
				CLANG_ENABLE_OBJC_WEAK = YES;
				CLANG_WARN_BLOCK_CAPTURE_AUTORELEASING = YES;
				CLANG_WARN_BOOL_CONVERSION = YES;
				CLANG_WARN_COMMA = YES;
				CLANG_WARN_CONSTANT_CONVERSION = YES;
				CLANG_WARN_DEPRECATED_OBJC_IMPLEMENTATIONS = YES;
				CLANG_WARN_DIRECT_OBJC_ISA_USAGE = YES_ERROR;
				CLANG_WARN_DOCUMENTATION_COMMENTS = YES;
				CLANG_WARN_EMPTY_BODY = YES;
				CLANG_WARN_ENUM_CONVERSION = YES;
				CLANG_WARN_INFINITE_RECURSION = YES;
				CLANG_WARN_INT_CONVERSION = YES;
				CLANG_WARN_NON_LITERAL_NULL_CONVERSION = YES;
				CLANG_WARN_OBJC_IMPLICIT_RETAIN_SELF = YES;
				CLANG_WARN_OBJC_LITERAL_CONVERSION = YES;
				CLANG_WARN_OBJC_ROOT_CLASS = YES_ERROR;
				CLANG_WARN_QUOTED_INCLUDE_IN_FRAMEWORK_HEADER = YES;
				CLANG_WARN_RANGE_LOOP_ANALYSIS = YES;
				CLANG_WARN_STRICT_PROTOTYPES = YES;
				CLANG_WARN_SUSPICIOUS_MOVE = YES;
				CLANG_WARN_UNGUARDED_AVAILABILITY = YES_AGGRESSIVE;
				CLANG_WARN_UNREACHABLE_CODE = YES;
				CLANG_WARN__DUPLICATE_METHOD_MATCH = YES;
				COPY_PHASE_STRIP = NO;
				DEBUG_INFORMATION_FORMAT = dwarf;
				ENABLE_STRICT_OBJC_MSGSEND = YES;
				ENABLE_TESTABILITY = YES;
				ENABLE_USER_SCRIPT_SANDBOXING = YES;
				GCC_C_LANGUAGE_STANDARD = gnu17;
				GCC_DYNAMIC_NO_PIC = NO;
				GCC_NO_COMMON_BLOCKS = YES;
				GCC_OPTIMIZATION_LEVEL = 0;
				GCC_PREPROCESSOR_DEFINITIONS = (
					"DEBUG=1",
					"$(inherited)",
				);
				GCC_WARN_64_TO_32_BIT_CONVERSION = YES;
				GCC_WARN_ABOUT_RETURN_TYPE = YES_ERROR;
				GCC_WARN_UNDECLARED_SELECTOR = YES;
				GCC_WARN_UNINITIALIZED_AUTOS = YES_AGGRESSIVE;
				GCC_WARN_UNUSED_FUNCTION = YES;
				GCC_WARN_UNUSED_VARIABLE = YES;
				IPHONEOS_DEPLOYMENT_TARGET = 17.2;
				LOCALIZATION_PREFERS_STRING_CATALOGS = YES;
				MTL_ENABLE_DEBUG_INFO = INCLUDE_SOURCE;
				MTL_FAST_MATH = YES;
				ONLY_ACTIVE_ARCH = YES;
				SDKROOT = iphoneos;
				SWIFT_ACTIVE_COMPILATION_CONDITIONS = "DEBUG $(inherited)";
				SWIFT_OPTIMIZATION_LEVEL = "-Onone";
			};
			name = Debug;
		};
		43A616B32B604BF20067309C /* Release */ = {
			isa = XCBuildConfiguration;
			buildSettings = {
				ALWAYS_SEARCH_USER_PATHS = NO;
				ASSETCATALOG_COMPILER_GENERATE_SWIFT_ASSET_SYMBOL_EXTENSIONS = YES;
				CLANG_ANALYZER_NONNULL = YES;
				CLANG_ANALYZER_NUMBER_OBJECT_CONVERSION = YES_AGGRESSIVE;
				CLANG_CXX_LANGUAGE_STANDARD = "gnu++20";
				CLANG_ENABLE_MODULES = YES;
				CLANG_ENABLE_OBJC_ARC = YES;
				CLANG_ENABLE_OBJC_WEAK = YES;
				CLANG_WARN_BLOCK_CAPTURE_AUTORELEASING = YES;
				CLANG_WARN_BOOL_CONVERSION = YES;
				CLANG_WARN_COMMA = YES;
				CLANG_WARN_CONSTANT_CONVERSION = YES;
				CLANG_WARN_DEPRECATED_OBJC_IMPLEMENTATIONS = YES;
				CLANG_WARN_DIRECT_OBJC_ISA_USAGE = YES_ERROR;
				CLANG_WARN_DOCUMENTATION_COMMENTS = YES;
				CLANG_WARN_EMPTY_BODY = YES;
				CLANG_WARN_ENUM_CONVERSION = YES;
				CLANG_WARN_INFINITE_RECURSION = YES;
				CLANG_WARN_INT_CONVERSION = YES;
				CLANG_WARN_NON_LITERAL_NULL_CONVERSION = YES;
				CLANG_WARN_OBJC_IMPLICIT_RETAIN_SELF = YES;
				CLANG_WARN_OBJC_LITERAL_CONVERSION = YES;
				CLANG_WARN_OBJC_ROOT_CLASS = YES_ERROR;
				CLANG_WARN_QUOTED_INCLUDE_IN_FRAMEWORK_HEADER = YES;
				CLANG_WARN_RANGE_LOOP_ANALYSIS = YES;
				CLANG_WARN_STRICT_PROTOTYPES = YES;
				CLANG_WARN_SUSPICIOUS_MOVE = YES;
				CLANG_WARN_UNGUARDED_AVAILABILITY = YES_AGGRESSIVE;
				CLANG_WARN_UNREACHABLE_CODE = YES;
				CLANG_WARN__DUPLICATE_METHOD_MATCH = YES;
				COPY_PHASE_STRIP = NO;
				DEBUG_INFORMATION_FORMAT = "dwarf-with-dsym";
				ENABLE_NS_ASSERTIONS = NO;
				ENABLE_STRICT_OBJC_MSGSEND = YES;
				ENABLE_USER_SCRIPT_SANDBOXING = YES;
				GCC_C_LANGUAGE_STANDARD = gnu17;
				GCC_NO_COMMON_BLOCKS = YES;
				GCC_WARN_64_TO_32_BIT_CONVERSION = YES;
				GCC_WARN_ABOUT_RETURN_TYPE = YES_ERROR;
				GCC_WARN_UNDECLARED_SELECTOR = YES;
				GCC_WARN_UNINITIALIZED_AUTOS = YES_AGGRESSIVE;
				GCC_WARN_UNUSED_FUNCTION = YES;
				GCC_WARN_UNUSED_VARIABLE = YES;
				IPHONEOS_DEPLOYMENT_TARGET = 17.2;
				LOCALIZATION_PREFERS_STRING_CATALOGS = YES;
				MTL_ENABLE_DEBUG_INFO = NO;
				MTL_FAST_MATH = YES;
				SDKROOT = iphoneos;
				SWIFT_COMPILATION_MODE = wholemodule;
				VALIDATE_PRODUCT = YES;
			};
			name = Release;
		};
		43A616B52B604BF20067309C /* Debug */ = {
			isa = XCBuildConfiguration;
			buildSettings = {
				ASSETCATALOG_COMPILER_APPICON_NAME = AppIcon;
				ASSETCATALOG_COMPILER_GLOBAL_ACCENT_COLOR_NAME = AccentColor;
				CODE_SIGN_ENTITLEMENTS = girisMaster/girisMaster.entitlements;
				CODE_SIGN_STYLE = Automatic;
				CURRENT_PROJECT_VERSION = 1;
				DEVELOPMENT_ASSET_PATHS = "\"girisMaster/Preview Content\"";
				DEVELOPMENT_TEAM = PWQ237GKJN;
				ENABLE_PREVIEWS = YES;
				GENERATE_INFOPLIST_FILE = YES;
				INFOPLIST_FILE = girisMaster/Info.plist;
				INFOPLIST_KEY_UIApplicationSceneManifest_Generation = YES;
				INFOPLIST_KEY_UIApplicationSupportsIndirectInputEvents = YES;
				INFOPLIST_KEY_UILaunchScreen_Generation = YES;
				INFOPLIST_KEY_UISupportedInterfaceOrientations_iPad = "UIInterfaceOrientationPortrait UIInterfaceOrientationPortraitUpsideDown UIInterfaceOrientationLandscapeLeft UIInterfaceOrientationLandscapeRight";
				INFOPLIST_KEY_UISupportedInterfaceOrientations_iPhone = "UIInterfaceOrientationPortrait UIInterfaceOrientationLandscapeLeft UIInterfaceOrientationLandscapeRight";
				LD_RUNPATH_SEARCH_PATHS = (
					"$(inherited)",
					"@executable_path/Frameworks",
				);
				MARKETING_VERSION = 1.0;
				PRODUCT_BUNDLE_IDENTIFIER = com.dijitalcikolata.girisMaster;
				PRODUCT_NAME = "$(TARGET_NAME)";
				SWIFT_EMIT_LOC_STRINGS = YES;
				SWIFT_VERSION = 5.0;
				TARGETED_DEVICE_FAMILY = "1,2";
			};
			name = Debug;
		};
		43A616B62B604BF20067309C /* Release */ = {
			isa = XCBuildConfiguration;
			buildSettings = {
				ASSETCATALOG_COMPILER_APPICON_NAME = AppIcon;
				ASSETCATALOG_COMPILER_GLOBAL_ACCENT_COLOR_NAME = AccentColor;
				CODE_SIGN_ENTITLEMENTS = girisMaster/girisMaster.entitlements;
				CODE_SIGN_STYLE = Automatic;
				CURRENT_PROJECT_VERSION = 1;
				DEVELOPMENT_ASSET_PATHS = "\"girisMaster/Preview Content\"";
				DEVELOPMENT_TEAM = PWQ237GKJN;
				ENABLE_PREVIEWS = YES;
				GENERATE_INFOPLIST_FILE = YES;
				INFOPLIST_FILE = girisMaster/Info.plist;
				INFOPLIST_KEY_UIApplicationSceneManifest_Generation = YES;
				INFOPLIST_KEY_UIApplicationSupportsIndirectInputEvents = YES;
				INFOPLIST_KEY_UILaunchScreen_Generation = YES;
				INFOPLIST_KEY_UISupportedInterfaceOrientations_iPad = "UIInterfaceOrientationPortrait UIInterfaceOrientationPortraitUpsideDown UIInterfaceOrientationLandscapeLeft UIInterfaceOrientationLandscapeRight";
				INFOPLIST_KEY_UISupportedInterfaceOrientations_iPhone = "UIInterfaceOrientationPortrait UIInterfaceOrientationLandscapeLeft UIInterfaceOrientationLandscapeRight";
				LD_RUNPATH_SEARCH_PATHS = (
					"$(inherited)",
					"@executable_path/Frameworks",
				);
				MARKETING_VERSION = 1.0;
				PRODUCT_BUNDLE_IDENTIFIER = com.dijitalcikolata.girisMaster;
				PRODUCT_NAME = "$(TARGET_NAME)";
				SWIFT_EMIT_LOC_STRINGS = YES;
				SWIFT_VERSION = 5.0;
				TARGETED_DEVICE_FAMILY = "1,2";
			};
			name = Release;
		};
/* End XCBuildConfiguration section */

/* Begin XCConfigurationList section */
		43A616A12B604BEE0067309C /* Build configuration list for PBXProject "girisMaster" */ = {
			isa = XCConfigurationList;
			buildConfigurations = (
				43A616B22B604BF20067309C /* Debug */,
				43A616B32B604BF20067309C /* Release */,
			);
			defaultConfigurationIsVisible = 0;
			defaultConfigurationName = Release;
		};
		43A616B42B604BF20067309C /* Build configuration list for PBXNativeTarget "girisMaster" */ = {
			isa = XCConfigurationList;
			buildConfigurations = (
				43A616B52B604BF20067309C /* Debug */,
				43A616B62B604BF20067309C /* Release */,
			);
			defaultConfigurationIsVisible = 0;
			defaultConfigurationName = Release;
		};
/* End XCConfigurationList section */

/* Begin XCRemoteSwiftPackageReference section */
		431749E22B6BAEFD002B2AC9 /* XCRemoteSwiftPackageReference "firebase-ios-sdk" */ = {
			isa = XCRemoteSwiftPackageReference;
			repositoryURL = "https://github.com/firebase/firebase-ios-sdk";
			requirement = {
				kind = upToNextMajorVersion;
				minimumVersion = 10.20.0;
			};
		};
		436F5E7B2B6ED91C006D370A /* XCRemoteSwiftPackageReference "GoogleSignIn-iOS" */ = {
			isa = XCRemoteSwiftPackageReference;
			repositoryURL = "https://github.com/google/GoogleSignIn-iOS";
			requirement = {
				kind = upToNextMajorVersion;
				minimumVersion = 7.0.0;
			};
		};
/* End XCRemoteSwiftPackageReference section */

/* Begin XCSwiftPackageProductDependency section */
		431749E42B6BB101002B2AC9 /* FirebaseAuth */ = {
			isa = XCSwiftPackageProductDependency;
			package = 431749E22B6BAEFD002B2AC9 /* XCRemoteSwiftPackageReference "firebase-ios-sdk" */;
			productName = FirebaseAuth;
		};
		436F5E7C2B6ED91C006D370A /* GoogleSignIn */ = {
			isa = XCSwiftPackageProductDependency;
			package = 436F5E7B2B6ED91C006D370A /* XCRemoteSwiftPackageReference "GoogleSignIn-iOS" */;
			productName = GoogleSignIn;
		};
		436F5E7E2B6ED91C006D370A /* GoogleSignInSwift */ = {
			isa = XCSwiftPackageProductDependency;
			package = 436F5E7B2B6ED91C006D370A /* XCRemoteSwiftPackageReference "GoogleSignIn-iOS" */;
			productName = GoogleSignInSwift;
		};
		436F5E832B6EE1A8006D370A /* FirebaseAnalytics */ = {
			isa = XCSwiftPackageProductDependency;
			package = 431749E22B6BAEFD002B2AC9 /* XCRemoteSwiftPackageReference "firebase-ios-sdk" */;
			productName = FirebaseAnalytics;
		};
		436F5E852B6EE1BB006D370A /* FirebaseAnalyticsSwift */ = {
			isa = XCSwiftPackageProductDependency;
			package = 431749E22B6BAEFD002B2AC9 /* XCRemoteSwiftPackageReference "firebase-ios-sdk" */;
			productName = FirebaseAnalyticsSwift;
		};
/* End XCSwiftPackageProductDependency section */
	};
	rootObject = 43A6169E2B604BEE0067309C /* Project object */;
}
